# Auto-generated by pip-compile from requirements-test.txt
# Do not edit manually. Regenerate with: See .agent/workflows/dependencies.md
annotated-types==0.7.0
    # via pydantic
coverage==7.13.4
    # via pytest-cov
iniconfig==2.3.0
    # via pytest
packaging==26.0
    # via pytest
paho-mqtt==2.1.0
    # via -r requirements-test.txt
pluggy==1.6.0
    # via
    #   pytest
    #   pytest-cov
pydantic==2.12.5
    # via -r requirements-test.txt
pydantic-core==2.41.5
    # via pydantic
pygments==2.19.2
    # via pytest
pyserial==3.5
    # via -r requirements-test.txt
pytest==9.0.2
    # via
    #   -r requirements-test.txt
    #   pytest-cov
    #   pytest-mock
    #   pytest-timeout
pytest-cov==7.0.0
    # via -r requirements-test.txt
pytest-mock==3.15.1
    # via -r requirements-test.txt
pytest-timeout==2.4.0
    # via -r requirements-test.txt
pyyaml==6.0.3
    # via -r requirements-test.txt
ruff==0.15.2
    # via -r requirements-test.txt
typing-extensions==4.15.0
    # via
    #   pydantic
    #   pydantic-core
    #   typing-inspection
typing-inspection==0.4.2
    # via pydantic
