# Auto-generated by pip-compile from requirements.txt
# Do not edit manually. Regenerate with: See .agent/workflows/dependencies.md
annotated-types==0.7.0
    # via pydantic
paho-mqtt==2.1.0
    # via -r requirements.txt
pydantic==2.12.5
    # via -r requirements.txt
pydantic-core==2.41.5
    # via pydantic
pyserial==3.5
    # via -r requirements.txt
pyyaml==6.0.3
    # via -r requirements.txt
typing-extensions==4.15.0
    # via
    #   pydantic
    #   pydantic-core
    #   typing-inspection
typing-inspection==0.4.2
    # via pydantic
